
Microsoft Visual Studio Solution File, Format Version 12.00
# Visual Studio Version 16
VisualStudioVersion = 16.0.30804.86
MinimumVisualStudioVersion = 10.0.40219.1
Project("{9A19103F-16F7-4668-BE54-9A1E7A4F7556}") = "ConsoleApp4", "ConsoleApp4\ConsoleApp4.csproj", "{57491F58-C85E-4DA3-B9A5-E21D7507191F}"
EndProject
Project("{FAE04EC0-301F-11D3-BF4B-00C04F79EFBC}") = "ConsoleApp4Tests", "ConsoleApp4Tests\ConsoleApp4Tests.csproj", "{C7877054-DC4B-4AD7-8BDD-9453C7B2B343}"
EndProject
Global
	GlobalSection(SolutionConfigurationPlatforms) = preSolution
		Debug|Any CPU = Debug|Any CPU
		Release|Any CPU = Release|Any CPU
	EndGlobalSection
	GlobalSection(ProjectConfigurationPlatforms) = postSolution
		{57491F58-C85E-4DA3-B9A5-E21D7507191F}.Debug|Any CPU.ActiveCfg = Debug|Any CPU
		{57491F58-C85E-4DA3-B9A5-E21D7507191F}.Debug|Any CPU.Build.0 = Debug|Any CPU
		{57491F58-C85E-4DA3-B9A5-E21D7507191F}.Release|Any CPU.ActiveCfg = Release|Any CPU
		{57491F58-C85E-4DA3-B9A5-E21D7507191F}.Release|Any CPU.Build.0 = Release|Any CPU
		{C7877054-DC4B-4AD7-8BDD-9453C7B2B343}.Debug|Any CPU.ActiveCfg = Debug|Any CPU
		{C7877054-DC4B-4AD7-8BDD-9453C7B2B343}.Debug|Any CPU.Build.0 = Debug|Any CPU
		{C7877054-DC4B-4AD7-8BDD-9453C7B2B343}.Release|Any CPU.ActiveCfg = Release|Any CPU
		{C7877054-DC4B-4AD7-8BDD-9453C7B2B343}.Release|Any CPU.Build.0 = Release|Any CPU
	EndGlobalSection
	GlobalSection(SolutionProperties) = preSolution
		HideSolutionNode = FALSE
	EndGlobalSection
	GlobalSection(ExtensibilityGlobals) = postSolution
		SolutionGuid = {F2C95522-DC3D-4C0D-B845-CD0C161DD4F8}
	EndGlobalSection
EndGlobal
