
Microsoft Visual Studio Solution File, Format Version 12.00
# Visual Studio Version 16
VisualStudioVersion = 16.0.30804.86
MinimumVisualStudioVersion = 10.0.40219.1
Project("{9A19103F-16F7-4668-BE54-9A1E7A4F7556}") = "Project2KevinArnoldWobble", "Project2KevinArnoldWobble\Project2KevinArnoldWobble.csproj", "{D2C8DC32-B3B6-4C0C-A536-2973C256D2C7}"
EndProject
Project("{FAE04EC0-301F-11D3-BF4B-00C04F79EFBC}") = "Project2KevinArnoldWobbleTests", "Project2KevinArnoldWobbleTests\Project2KevinArnoldWobbleTests.csproj", "{1B33C190-7061-40C5-A2FB-90D7137638D2}"
EndProject
Global
	GlobalSection(SolutionConfigurationPlatforms) = preSolution
		Debug|Any CPU = Debug|Any CPU
		Release|Any CPU = Release|Any CPU
	EndGlobalSection
	GlobalSection(ProjectConfigurationPlatforms) = postSolution
		{D2C8DC32-B3B6-4C0C-A536-2973C256D2C7}.Debug|Any CPU.ActiveCfg = Debug|Any CPU
		{D2C8DC32-B3B6-4C0C-A536-2973C256D2C7}.Debug|Any CPU.Build.0 = Debug|Any CPU
		{D2C8DC32-B3B6-4C0C-A536-2973C256D2C7}.Release|Any CPU.ActiveCfg = Release|Any CPU
		{D2C8DC32-B3B6-4C0C-A536-2973C256D2C7}.Release|Any CPU.Build.0 = Release|Any CPU
		{1B33C190-7061-40C5-A2FB-90D7137638D2}.Debug|Any CPU.ActiveCfg = Debug|Any CPU
		{1B33C190-7061-40C5-A2FB-90D7137638D2}.Debug|Any CPU.Build.0 = Debug|Any CPU
		{1B33C190-7061-40C5-A2FB-90D7137638D2}.Release|Any CPU.ActiveCfg = Release|Any CPU
		{1B33C190-7061-40C5-A2FB-90D7137638D2}.Release|Any CPU.Build.0 = Release|Any CPU
	EndGlobalSection
	GlobalSection(SolutionProperties) = preSolution
		HideSolutionNode = FALSE
	EndGlobalSection
	GlobalSection(ExtensibilityGlobals) = postSolution
		SolutionGuid = {9CBA5C0F-3E32-4D3F-A817-34ADB24265E4}
	EndGlobalSection
EndGlobal
